
Microsoft Visual Studio Solution File, Format Version 12.00
# Visual Studio Version 17
VisualStudioVersion = 17.14.37328.6 d17.14
MinimumVisualStudioVersion = 10.0.40219.1
Project("{FAE04EC0-301F-11D3-BF4B-00C04F79EFBC}") = "EFCore2", "EFCore2.csproj", "{744218AB-ED70-40B1-84AF-FCA2AE24BE78}"
EndProject
Global
	GlobalSection(SolutionConfigurationPlatforms) = preSolution
		Debug|Any CPU = Debug|Any CPU
		Release|Any CPU = Release|Any CPU
	EndGlobalSection
	GlobalSection(ProjectConfigurationPlatforms) = postSolution
		{744218AB-ED70-40B1-84AF-FCA2AE24BE78}.Debug|Any CPU.ActiveCfg = Debug|Any CPU
		{744218AB-ED70-40B1-84AF-FCA2AE24BE78}.Debug|Any CPU.Build.0 = Debug|Any CPU
		{744218AB-ED70-40B1-84AF-FCA2AE24BE78}.Release|Any CPU.ActiveCfg = Release|Any CPU
		{744218AB-ED70-40B1-84AF-FCA2AE24BE78}.Release|Any CPU.Build.0 = Release|Any CPU
	EndGlobalSection
	GlobalSection(SolutionProperties) = preSolution
		HideSolutionNode = FALSE
	EndGlobalSection
	GlobalSection(ExtensibilityGlobals) = postSolution
		SolutionGuid = {98236055-5837-4C88-A597-A2F58D8F715D}
	EndGlobalSection
EndGlobal
